
Microsoft Visual Studio Solution File, Format Version 12.00
# Visual Studio 2015
Project("{FAE04EC0-301F-11D3-BF4B-00C04F79EFBC}") = "Tk Jam", "Tk Jam.csproj", "{136F0C8F-5D78-7E9F-6746-D5D0A00150F9}"
EndProject
Global
	GlobalSection(SolutionConfigurationPlatforms) = preSolution
		Debug|Any CPU = Debug|Any CPU
		Release|Any CPU = Release|Any CPU
	EndGlobalSection
	GlobalSection(ProjectConfigurationPlatforms) = postSolution
		{136F0C8F-5D78-7E9F-6746-D5D0A00150F9}.Debug|Any CPU.ActiveCfg = Debug|Any CPU
		{136F0C8F-5D78-7E9F-6746-D5D0A00150F9}.Debug|Any CPU.Build.0 = Debug|Any CPU
		{136F0C8F-5D78-7E9F-6746-D5D0A00150F9}.Release|Any CPU.ActiveCfg = Release|Any CPU
		{136F0C8F-5D78-7E9F-6746-D5D0A00150F9}.Release|Any CPU.Build.0 = Release|Any CPU
	EndGlobalSection
	GlobalSection(SolutionProperties) = preSolution
		HideSolutionNode = FALSE
	EndGlobalSection
EndGlobal
